<?xml version="1.0" encoding="utf-8"?>
<Project ToolsVersion="4.0" xmlns="http://schemas.microsoft.com/developer/msbuild/2003">
  <ItemGroup>
    <Filter Include="Pliki źródłowe">
      <UniqueIdentifier>{4FC737F1-C7A5-4376-A066-2A32D752A2FF}</UniqueIdentifier>
      <Extensions>cpp;c;cc;cxx;def;odl;idl;hpj;bat;asm;asmx</Extensions>
    </Filter>
    <Filter Include="Pliki nagłówkowe">
      <UniqueIdentifier>{93995380-89BD-4b04-88EB-625FBE52EBFB}</UniqueIdentifier>
      <Extensions>h;hh;hpp;hxx;hm;inl;inc;ipp;xsd</Extensions>
    </Filter>
    <Filter Include="Pliki zasobów">
      <UniqueIdentifier>{67DA6AB6-F800-4c08-8B7A-83BB121AAD01}</UniqueIdentifier>
      <Extensions>rc;ico;cur;bmp;dlg;rc2;rct;bin;rgs;gif;jpg;jpeg;jpe;resx;tiff;tif;png;wav;mfcribbon-ms</Extensions>
    </Filter>
    <Filter Include="Pliki źródłowe\Objects">
      <UniqueIdentifier>{95e69e13-babd-465a-a7d4-cf7845725032}</UniqueIdentifier>
    </Filter>
    <Filter Include="Pliki nagłówkowe\Objects">
      <UniqueIdentifier>{958fb627-1a88-4d37-9b88-2189004a2714}</UniqueIdentifier>
    </Filter>
  </ItemGroup>
  <ItemGroup>
    <ClCompile Include="main.cpp">
      <Filter>Pliki źródłowe</Filter>
    </ClCompile>
    <ClCompile Include="object.cpp">
      <Filter>Pliki źródłowe\Objects</Filter>
    </ClCompile>
    <ClCompile Include="bullet.cpp">
      <Filter>Pliki źródłowe\Objects</Filter>
    </ClCompile>
    <ClCompile Include="spacecraft.cpp">
      <Filter>Pliki źródłowe\Objects</Filter>
    </ClCompile>
    <ClCompile Include="spacecraft-hostile.cpp">
      <Filter>Pliki źródłowe\Objects</Filter>
    </ClCompile>
  </ItemGroup>
  <ItemGroup>
    <ClInclude Include="object.hpp">
      <Filter>Pliki nagłówkowe\Objects</Filter>
    </ClInclude>
    <ClInclude Include="bullet.hpp">
      <Filter>Pliki nagłówkowe\Objects</Filter>
    </ClInclude>
    <ClInclude Include="spacecraft.hpp">
      <Filter>Pliki nagłówkowe\Objects</Filter>
    </ClInclude>
    <ClInclude Include="spacecraft-hostile.hpp">
      <Filter>Pliki nagłówkowe\Objects</Filter>
    </ClInclude>
    <ClInclude Include="functions.hpp">
      <Filter>Pliki nagłówkowe\Objects</Filter>
    </ClInclude>
  </ItemGroup>
  <ItemGroup>
    <None Include="ClassDiagram.cd" />
  </ItemGroup>
</Project>